
Microsoft Visual Studio Solution File, Format Version 12.00
# Visual Studio Version 17
VisualStudioVersion = 17.0.32014.148
MinimumVisualStudioVersion = 10.0.40219.1
Project("{FAE04EC0-301F-11D3-BF4B-00C04F79EFBC}") = "ComicReader", "ComicReader\ComicReader.csproj", "{D5E797FD-AD3D-477F-8649-5EAE522BA061}"
EndProject
Project("{2150E333-8FDC-42A3-9474-1A3956D46DE8}") = "Solution Items", "Solution Items", "{009CF779-E0A7-429F-BA8A-D921E866DADB}"
	ProjectSection(SolutionItems) = preProject
		..\.editorconfig = ..\.editorconfig
	EndProjectSection
EndProject
Global
	GlobalSection(SolutionConfigurationPlatforms) = preSolution
		Debug|ARM = Debug|ARM
		Debug|ARM64 = Debug|ARM64
		Debug|x64 = Debug|x64
		Debug|x86 = Debug|x86
		Release|ARM = Release|ARM
		Release|ARM64 = Release|ARM64
		Release|x64 = Release|x64
		Release|x86 = Release|x86
	EndGlobalSection
	GlobalSection(ProjectConfigurationPlatforms) = postSolution
		{D5E797FD-AD3D-477F-8649-5EAE522BA061}.Debug|ARM.ActiveCfg = Debug|ARM
		{D5E797FD-AD3D-477F-8649-5EAE522BA061}.Debug|ARM.Build.0 = Debug|ARM
		{D5E797FD-AD3D-477F-8649-5EAE522BA061}.Debug|ARM.Deploy.0 = Debug|ARM
		{D5E797FD-AD3D-477F-8649-5EAE522BA061}.Debug|ARM64.ActiveCfg = Debug|ARM64
		{D5E797FD-AD3D-477F-8649-5EAE522BA061}.Debug|ARM64.Build.0 = Debug|ARM64
		{D5E797FD-AD3D-477F-8649-5EAE522BA061}.Debug|ARM64.Deploy.0 = Debug|ARM64
		{D5E797FD-AD3D-477F-8649-5EAE522BA061}.Debug|x64.ActiveCfg = Debug|x64
		{D5E797FD-AD3D-477F-8649-5EAE522BA061}.Debug|x64.Build.0 = Debug|x64
		{D5E797FD-AD3D-477F-8649-5EAE522BA061}.Debug|x64.Deploy.0 = Debug|x64
		{D5E797FD-AD3D-477F-8649-5EAE522BA061}.Debug|x86.ActiveCfg = Debug|x86
		{D5E797FD-AD3D-477F-8649-5EAE522BA061}.Debug|x86.Build.0 = Debug|x86
		{D5E797FD-AD3D-477F-8649-5EAE522BA061}.Debug|x86.Deploy.0 = Debug|x86
		{D5E797FD-AD3D-477F-8649-5EAE522BA061}.Release|ARM.ActiveCfg = Release|ARM
		{D5E797FD-AD3D-477F-8649-5EAE522BA061}.Release|ARM.Build.0 = Release|ARM
		{D5E797FD-AD3D-477F-8649-5EAE522BA061}.Release|ARM.Deploy.0 = Release|ARM
		{D5E797FD-AD3D-477F-8649-5EAE522BA061}.Release|ARM64.ActiveCfg = Release|ARM64
		{D5E797FD-AD3D-477F-8649-5EAE522BA061}.Release|ARM64.Build.0 = Release|ARM64
		{D5E797FD-AD3D-477F-8649-5EAE522BA061}.Release|ARM64.Deploy.0 = Release|ARM64
		{D5E797FD-AD3D-477F-8649-5EAE522BA061}.Release|x64.ActiveCfg = Release|x64
		{D5E797FD-AD3D-477F-8649-5EAE522BA061}.Release|x64.Build.0 = Release|x64
		{D5E797FD-AD3D-477F-8649-5EAE522BA061}.Release|x64.Deploy.0 = Release|x64
		{D5E797FD-AD3D-477F-8649-5EAE522BA061}.Release|x86.ActiveCfg = Release|x86
		{D5E797FD-AD3D-477F-8649-5EAE522BA061}.Release|x86.Build.0 = Release|x86
		{D5E797FD-AD3D-477F-8649-5EAE522BA061}.Release|x86.Deploy.0 = Release|x86
	EndGlobalSection
	GlobalSection(SolutionProperties) = preSolution
		HideSolutionNode = FALSE
	EndGlobalSection
	GlobalSection(ExtensibilityGlobals) = postSolution
		SolutionGuid = {9E3D33BF-C5F7-4866-A1FF-A1D8446607F1}
	EndGlobalSection
EndGlobal
