Microsoft Visual Studio Solution File, Format Version 12.00
# Visual Studio Version 17
VisualStudioVersion = 17.0.32014.148
MinimumVisualStudioVersion = 10.0.40219.1
Project("{2150E333-8FDC-42A3-9474-1A3956D46DE8}") = "Solution Items", "Solution Items", "{009CF779-E0A7-429F-BA8A-D921E866DADB}"
	ProjectSection(SolutionItems) = preProject
		..\.editorconfig = ..\.editorconfig
	EndProjectSection
EndProject
Project("{2150E333-8FDC-42A3-9474-1A3956D46DE8}") = "Tests", "Tests", "{02EA681E-C7D8-13C7-8484-4AC65E1B71E8}"
EndProject
Project("{FAE04EC0-301F-11D3-BF4B-00C04F79EFBC}") = "ComicReader.Tests", "Tests\ComicReader.Tests\ComicReader.Tests.csproj", "{080FD1B1-888C-49CB-BF10-3863A9151583}"
EndProject
Project("{9A19103F-16F7-4668-BE54-9A1E7A4F7556}") = "ComicReader", "ComicReader\ComicReader.csproj", "{D5E797FD-AD3D-477F-8649-5EAE522BA061}"
EndProject
Project("{FAE04EC0-301F-11D3-BF4B-00C04F79EFBC}") = "ComicReader.SDK", "ComicReader.SDK\ComicReader.SDK.csproj", "{3A555A1B-826E-41A4-8808-29C2E214F671}"
EndProject
Global
	GlobalSection(SolutionConfigurationPlatforms) = preSolution
		Debug|ARM64 = Debug|ARM64
		Debug|x64 = Debug|x64
		Debug|x86 = Debug|x86
		Release|ARM64 = Release|ARM64
		Release|x64 = Release|x64
		Release|x86 = Release|x86
	EndGlobalSection
	GlobalSection(ProjectConfigurationPlatforms) = postSolution
		{080FD1B1-888C-49CB-BF10-3863A9151583}.Debug|ARM64.ActiveCfg = Debug|ARM64
		{080FD1B1-888C-49CB-BF10-3863A9151583}.Debug|ARM64.Build.0 = Debug|ARM64
		{080FD1B1-888C-49CB-BF10-3863A9151583}.Debug|x64.ActiveCfg = Debug|x64
		{080FD1B1-888C-49CB-BF10-3863A9151583}.Debug|x64.Build.0 = Debug|x64
		{080FD1B1-888C-49CB-BF10-3863A9151583}.Debug|x86.ActiveCfg = Debug|x86
		{080FD1B1-888C-49CB-BF10-3863A9151583}.Debug|x86.Build.0 = Debug|x86
		{080FD1B1-888C-49CB-BF10-3863A9151583}.Release|ARM64.ActiveCfg = Release|ARM64
		{080FD1B1-888C-49CB-BF10-3863A9151583}.Release|ARM64.Build.0 = Release|ARM64
		{080FD1B1-888C-49CB-BF10-3863A9151583}.Release|x64.ActiveCfg = Release|x64
		{080FD1B1-888C-49CB-BF10-3863A9151583}.Release|x64.Build.0 = Release|x64
		{080FD1B1-888C-49CB-BF10-3863A9151583}.Release|x86.ActiveCfg = Release|x86
		{080FD1B1-888C-49CB-BF10-3863A9151583}.Release|x86.Build.0 = Release|x86
		{D5E797FD-AD3D-477F-8649-5EAE522BA061}.Debug|ARM64.ActiveCfg = Debug|ARM64
		{D5E797FD-AD3D-477F-8649-5EAE522BA061}.Debug|ARM64.Build.0 = Debug|ARM64
		{D5E797FD-AD3D-477F-8649-5EAE522BA061}.Debug|ARM64.Deploy.0 = Debug|ARM64
		{D5E797FD-AD3D-477F-8649-5EAE522BA061}.Debug|x64.ActiveCfg = Debug|x64
		{D5E797FD-AD3D-477F-8649-5EAE522BA061}.Debug|x64.Build.0 = Debug|x64
		{D5E797FD-AD3D-477F-8649-5EAE522BA061}.Debug|x64.Deploy.0 = Debug|x64
		{D5E797FD-AD3D-477F-8649-5EAE522BA061}.Debug|x86.ActiveCfg = Debug|x86
		{D5E797FD-AD3D-477F-8649-5EAE522BA061}.Debug|x86.Build.0 = Debug|x86
		{D5E797FD-AD3D-477F-8649-5EAE522BA061}.Debug|x86.Deploy.0 = Debug|x86
		{D5E797FD-AD3D-477F-8649-5EAE522BA061}.Release|ARM64.ActiveCfg = Release|ARM64
		{D5E797FD-AD3D-477F-8649-5EAE522BA061}.Release|ARM64.Build.0 = Release|ARM64
		{D5E797FD-AD3D-477F-8649-5EAE522BA061}.Release|ARM64.Deploy.0 = Release|ARM64
		{D5E797FD-AD3D-477F-8649-5EAE522BA061}.Release|x64.ActiveCfg = Release|x64
		{D5E797FD-AD3D-477F-8649-5EAE522BA061}.Release|x64.Build.0 = Release|x64
		{D5E797FD-AD3D-477F-8649-5EAE522BA061}.Release|x64.Deploy.0 = Release|x64
		{D5E797FD-AD3D-477F-8649-5EAE522BA061}.Release|x86.ActiveCfg = Release|x86
		{D5E797FD-AD3D-477F-8649-5EAE522BA061}.Release|x86.Build.0 = Release|x86
		{D5E797FD-AD3D-477F-8649-5EAE522BA061}.Release|x86.Deploy.0 = Release|x86
		{3A555A1B-826E-41A4-8808-29C2E214F671}.Debug|ARM64.ActiveCfg = Debug|Any CPU
		{3A555A1B-826E-41A4-8808-29C2E214F671}.Debug|ARM64.Build.0 = Debug|Any CPU
		{3A555A1B-826E-41A4-8808-29C2E214F671}.Debug|x64.ActiveCfg = Debug|Any CPU
		{3A555A1B-826E-41A4-8808-29C2E214F671}.Debug|x64.Build.0 = Debug|Any CPU
		{3A555A1B-826E-41A4-8808-29C2E214F671}.Debug|x86.ActiveCfg = Debug|Any CPU
		{3A555A1B-826E-41A4-8808-29C2E214F671}.Debug|x86.Build.0 = Debug|Any CPU
		{3A555A1B-826E-41A4-8808-29C2E214F671}.Release|ARM64.ActiveCfg = Release|Any CPU
		{3A555A1B-826E-41A4-8808-29C2E214F671}.Release|ARM64.Build.0 = Release|Any CPU
		{3A555A1B-826E-41A4-8808-29C2E214F671}.Release|x64.ActiveCfg = Release|Any CPU
		{3A555A1B-826E-41A4-8808-29C2E214F671}.Release|x64.Build.0 = Release|Any CPU
		{3A555A1B-826E-41A4-8808-29C2E214F671}.Release|x86.ActiveCfg = Release|Any CPU
		{3A555A1B-826E-41A4-8808-29C2E214F671}.Release|x86.Build.0 = Release|Any CPU
	EndGlobalSection
	GlobalSection(SolutionProperties) = preSolution
		HideSolutionNode = FALSE
	EndGlobalSection
	GlobalSection(NestedProjects) = preSolution
		{080FD1B1-888C-49CB-BF10-3863A9151583} = {02EA681E-C7D8-13C7-8484-4AC65E1B71E8}
	EndGlobalSection
	GlobalSection(ExtensibilityGlobals) = postSolution
		SolutionGuid = {9E3D33BF-C5F7-4866-A1FF-A1D8446607F1}
	EndGlobalSection
EndGlobal
